// !$*UTF8*$!
{
	archiveVersion = 1;
	classes = {
	};
	objectVersion = 46;
	objects = {

/* Begin PBXBuildFile section */
		028EA60B95C15C64B5CBCE0B /* Pods_FunWave.framework in Frameworks */ = {isa = PBXBuildFile; fileRef = 4C334088F7ED3312F44ED9A4 /* Pods_FunWave.framework */; };
		FEF12FE71F5D50BA009D5194 /* AppDelegate.swift in Sources */ = {isa = PBXBuildFile; fileRef = FEF12FE61F5D50BA009D5194 /* AppDelegate.swift */; };
		FEF12FE91F5D50BA009D5194 /* ViewController.swift in Sources */ = {isa = PBXBuildFile; fileRef = FEF12FE81F5D50BA009D5194 /* ViewController.swift */; };
		FEF12FEC1F5D50BA009D5194 /* Main.storyboard in Resources */ = {isa = PBXBuildFile; fileRef = FEF12FEA1F5D50BA009D5194 /* Main.storyboard */; };
		FEF12FEE1F5D50BA009D5194 /* Assets.xcassets in Resources */ = {isa = PBXBuildFile; fileRef = FEF12FED1F5D50BA009D5194 /* Assets.xcassets */; };
		FEF12FF11F5D50BA009D5194 /* LaunchScreen.storyboard in Resources */ = {isa = PBXBuildFile; fileRef = FEF12FEF1F5D50BA009D5194 /* LaunchScreen.storyboard */; };
		FEF12FFB1F5D5152009D5194 /* FunWaveView.swift in Sources */ = {isa = PBXBuildFile; fileRef = FEF12FFA1F5D5152009D5194 /* FunWaveView.swift */; };
/* End PBXBuildFile section */

/* Begin PBXFileReference section */
		34F566451FDB30E22BEBD7C2 /* Pods-FunWave.release.xcconfig */ = {isa = PBXFileReference; includeInIndex = 1; lastKnownFileType = text.xcconfig; name = "Pods-FunWave.release.xcconfig"; path = "Pods/Target Support Files/Pods-FunWave/Pods-FunWave.release.xcconfig"; sourceTree = "<group>"; };
		4C334088F7ED3312F44ED9A4 /* Pods_FunWave.framework */ = {isa = PBXFileReference; explicitFileType = wrapper.framework; includeInIndex = 0; path = Pods_FunWave.framework; sourceTree = BUILT_PRODUCTS_DIR; };
		A289F8143789FFBEC51EF9E1 /* Pods-FunWave.debug.xcconfig */ = {isa = PBXFileReference; includeInIndex = 1; lastKnownFileType = text.xcconfig; name = "Pods-FunWave.debug.xcconfig"; path = "Pods/Target Support Files/Pods-FunWave/Pods-FunWave.debug.xcconfig"; sourceTree = "<group>"; };
		FEF12FE31F5D50BA009D5194 /* FunWave.app */ = {isa = PBXFileReference; explicitFileType = wrapper.application; includeInIndex = 0; path = FunWave.app; sourceTree = BUILT_PRODUCTS_DIR; };
		FEF12FE61F5D50BA009D5194 /* AppDelegate.swift */ = {isa = PBXFileReference; lastKnownFileType = sourcecode.swift; path = AppDelegate.swift; sourceTree = "<group>"; };
		FEF12FE81F5D50BA009D5194 /* ViewController.swift */ = {isa = PBXFileReference; lastKnownFileType = sourcecode.swift; path = ViewController.swift; sourceTree = "<group>"; };
		FEF12FEB1F5D50BA009D5194 /* Base */ = {isa = PBXFileReference; lastKnownFileType = file.storyboard; name = Base; path = Base.lproj/Main.storyboard; sourceTree = "<group>"; };
		FEF12FED1F5D50BA009D5194 /* Assets.xcassets */ = {isa = PBXFileReference; lastKnownFileType = folder.assetcatalog; path = Assets.xcassets; sourceTree = "<group>"; };
		FEF12FF01F5D50BA009D5194 /* Base */ = {isa = PBXFileReference; lastKnownFileType = file.storyboard; name = Base; path = Base.lproj/LaunchScreen.storyboard; sourceTree = "<group>"; };
		FEF12FF21F5D50BA009D5194 /* Info.plist */ = {isa = PBXFileReference; lastKnownFileType = text.plist.xml; path = Info.plist; sourceTree = "<group>"; };
		FEF12FFA1F5D5152009D5194 /* FunWaveView.swift */ = {isa = PBXFileReference; fileEncoding = 4; lastKnownFileType = sourcecode.swift; path = FunWaveView.swift; sourceTree = "<group>"; };
/* End PBXFileReference section */

/* Begin PBXFrameworksBuildPhase section */
		FEF12FE01F5D50BA009D5194 /* Frameworks */ = {
			isa = PBXFrameworksBuildPhase;
			buildActionMask = 2147483647;
			files = (
				028EA60B95C15C64B5CBCE0B /* Pods_FunWave.framework in Frameworks */,
			);
			runOnlyForDeploymentPostprocessing = 0;
		};
/* End PBXFrameworksBuildPhase section */

/* Begin PBXGroup section */
		4EDF9719253B6B746EC27E8C /* Frameworks */ = {
			isa = PBXGroup;
			children = (
				4C334088F7ED3312F44ED9A4 /* Pods_FunWave.framework */,
			);
			name = Frameworks;
			sourceTree = "<group>";
		};
		95F65CF6798F181DCE46C8DE /* Pods */ = {
			isa = PBXGroup;
			children = (
				A289F8143789FFBEC51EF9E1 /* Pods-FunWave.debug.xcconfig */,
				34F566451FDB30E22BEBD7C2 /* Pods-FunWave.release.xcconfig */,
			);
			name = Pods;
			sourceTree = "<group>";
		};
		FEF12FDA1F5D50BA009D5194 = {
			isa = PBXGroup;
			children = (
				FEF12FE51F5D50BA009D5194 /* FunWave */,
				FEF12FE41F5D50BA009D5194 /* Products */,
				95F65CF6798F181DCE46C8DE /* Pods */,
				4EDF9719253B6B746EC27E8C /* Frameworks */,
			);
			sourceTree = "<group>";
		};
		FEF12FE41F5D50BA009D5194 /* Products */ = {
			isa = PBXGroup;
			children = (
				FEF12FE31F5D50BA009D5194 /* FunWave.app */,
			);
			name = Products;
			sourceTree = "<group>";
		};
		FEF12FE51F5D50BA009D5194 /* FunWave */ = {
			isa = PBXGroup;
			children = (
				FEF12FF91F5D5152009D5194 /* FunWave */,
				FEF12FE61F5D50BA009D5194 /* AppDelegate.swift */,
				FEF12FE81F5D50BA009D5194 /* ViewController.swift */,
				FEF12FEA1F5D50BA009D5194 /* Main.storyboard */,
				FEF12FED1F5D50BA009D5194 /* Assets.xcassets */,
				FEF12FEF1F5D50BA009D5194 /* LaunchScreen.storyboard */,
				FEF12FF21F5D50BA009D5194 /* Info.plist */,
			);
			path = FunWave;
			sourceTree = "<group>";
		};
		FEF12FF91F5D5152009D5194 /* FunWave */ = {
			isa = PBXGroup;
			children = (
				FEF12FFA1F5D5152009D5194 /* FunWaveView.swift */,
			);
			path = FunWave;
			sourceTree = "<group>";
		};
/* End PBXGroup section */

/* Begin PBXNativeTarget section */
		FEF12FE21F5D50BA009D5194 /* FunWave */ = {
			isa = PBXNativeTarget;
			buildConfigurationList = FEF12FF51F5D50BA009D5194 /* Build configuration list for PBXNativeTarget "FunWave" */;
			buildPhases = (
				F79F3E764342E511055971A4 /* [CP] Check Pods Manifest.lock */,
				FEF12FDF1F5D50BA009D5194 /* Sources */,
				FEF12FE01F5D50BA009D5194 /* Frameworks */,
				FEF12FE11F5D50BA009D5194 /* Resources */,
				3EB10951F0F76352FB2C97A3 /* [CP] Embed Pods Frameworks */,
				4B266AFB37DEEC3CC44E7881 /* [CP] Copy Pods Resources */,
			);
			buildRules = (
			);
			dependencies = (
			);
			name = FunWave;
			productName = FunWave;
			productReference = FEF12FE31F5D50BA009D5194 /* FunWave.app */;
			productType = "com.apple.product-type.application";
		};
/* End PBXNativeTarget section */

/* Begin PBXProject section */
		FEF12FDB1F5D50BA009D5194 /* Project object */ = {
			isa = PBXProject;
			attributes = {
				LastSwiftUpdateCheck = 0820;
				LastUpgradeCheck = 0820;
				ORGANIZATIONNAME = WHC;
				TargetAttributes = {
					FEF12FE21F5D50BA009D5194 = {
						CreatedOnToolsVersion = 8.2.1;
						DevelopmentTeam = 7F5YZXGNJ3;
						ProvisioningStyle = Automatic;
					};
				};
			};
			buildConfigurationList = FEF12FDE1F5D50BA009D5194 /* Build configuration list for PBXProject "FunWave" */;
			compatibilityVersion = "Xcode 3.2";
			developmentRegion = English;
			hasScannedForEncodings = 0;
			knownRegions = (
				en,
				Base,
			);
			mainGroup = FEF12FDA1F5D50BA009D5194;
			productRefGroup = FEF12FE41F5D50BA009D5194 /* Products */;
			projectDirPath = "";
			projectRoot = "";
			targets = (
				FEF12FE21F5D50BA009D5194 /* FunWave */,
			);
		};
/* End PBXProject section */

/* Begin PBXResourcesBuildPhase section */
		FEF12FE11F5D50BA009D5194 /* Resources */ = {
			isa = PBXResourcesBuildPhase;
			buildActionMask = 2147483647;
			files = (
				FEF12FF11F5D50BA009D5194 /* LaunchScreen.storyboard in Resources */,
				FEF12FEE1F5D50BA009D5194 /* Assets.xcassets in Resources */,
				FEF12FEC1F5D50BA009D5194 /* Main.storyboard in Resources */,
			);
			runOnlyForDeploymentPostprocessing = 0;
		};
/* End PBXResourcesBuildPhase section */

/* Begin PBXShellScriptBuildPhase section */
		3EB10951F0F76352FB2C97A3 /* [CP] Embed Pods Frameworks */ = {
			isa = PBXShellScriptBuildPhase;
			buildActionMask = 2147483647;
			files = (
			);
			inputPaths = (
			);
			name = "[CP] Embed Pods Frameworks";
			outputPaths = (
			);
			runOnlyForDeploymentPostprocessing = 0;
			shellPath = /bin/sh;
			shellScript = "\"${SRCROOT}/Pods/Target Support Files/Pods-FunWave/Pods-FunWave-frameworks.sh\"\n";
			showEnvVarsInLog = 0;
		};
		4B266AFB37DEEC3CC44E7881 /* [CP] Copy Pods Resources */ = {
			isa = PBXShellScriptBuildPhase;
			buildActionMask = 2147483647;
			files = (
			);
			inputPaths = (
			);
			name = "[CP] Copy Pods Resources";
			outputPaths = (
			);
			runOnlyForDeploymentPostprocessing = 0;
			shellPath = /bin/sh;
			shellScript = "\"${SRCROOT}/Pods/Target Support Files/Pods-FunWave/Pods-FunWave-resources.sh\"\n";
			showEnvVarsInLog = 0;
		};
		F79F3E764342E511055971A4 /* [CP] Check Pods Manifest.lock */ = {
			isa = PBXShellScriptBuildPhase;
			buildActionMask = 2147483647;
			files = (
			);
			inputPaths = (
			);
			name = "[CP] Check Pods Manifest.lock";
			outputPaths = (
			);
			runOnlyForDeploymentPostprocessing = 0;
			shellPath = /bin/sh;
			shellScript = "diff \"${PODS_ROOT}/../Podfile.lock\" \"${PODS_ROOT}/Manifest.lock\" > /dev/null\nif [ $? != 0 ] ; then\n    # print error to STDERR\n    echo \"error: The sandbox is not in sync with the Podfile.lock. Run 'pod install' or update your CocoaPods installation.\" >&2\n    exit 1\nfi\n";
			showEnvVarsInLog = 0;
		};
/* End PBXShellScriptBuildPhase section */

/* Begin PBXSourcesBuildPhase section */
		FEF12FDF1F5D50BA009D5194 /* Sources */ = {
			isa = PBXSourcesBuildPhase;
			buildActionMask = 2147483647;
			files = (
				FEF12FE91F5D50BA009D5194 /* ViewController.swift in Sources */,
				FEF12FE71F5D50BA009D5194 /* AppDelegate.swift in Sources */,
				FEF12FFB1F5D5152009D5194 /* FunWaveView.swift in Sources */,
			);
			runOnlyForDeploymentPostprocessing = 0;
		};
/* End PBXSourcesBuildPhase section */

/* Begin PBXVariantGroup section */
		FEF12FEA1F5D50BA009D5194 /* Main.storyboard */ = {
			isa = PBXVariantGroup;
			children = (
				FEF12FEB1F5D50BA009D5194 /* Base */,
			);
			name = Main.storyboard;
			sourceTree = "<group>";
		};
		FEF12FEF1F5D50BA009D5194 /* LaunchScreen.storyboard */ = {
			isa = PBXVariantGroup;
			children = (
				FEF12FF01F5D50BA009D5194 /* Base */,
			);
			name = LaunchScreen.storyboard;
			sourceTree = "<group>";
		};
/* End PBXVariantGroup section */

/* Begin XCBuildConfiguration section */
		FEF12FF31F5D50BA009D5194 /* Debug */ = {
			isa = XCBuildConfiguration;
			buildSettings = {
				ALWAYS_SEARCH_USER_PATHS = NO;
				CLANG_ANALYZER_NONNULL = YES;
				CLANG_CXX_LANGUAGE_STANDARD = "gnu++0x";
				CLANG_CXX_LIBRARY = "libc++";
				CLANG_ENABLE_MODULES = YES;
				CLANG_ENABLE_OBJC_ARC = YES;
				CLANG_WARN_BOOL_CONVERSION = YES;
				CLANG_WARN_CONSTANT_CONVERSION = YES;
				CLANG_WARN_DIRECT_OBJC_ISA_USAGE = YES_ERROR;
				CLANG_WARN_DOCUMENTATION_COMMENTS = YES;
				CLANG_WARN_EMPTY_BODY = YES;
				CLANG_WARN_ENUM_CONVERSION = YES;
				CLANG_WARN_INFINITE_RECURSION = YES;
				CLANG_WARN_INT_CONVERSION = YES;
				CLANG_WARN_OBJC_ROOT_CLASS = YES_ERROR;
				CLANG_WARN_SUSPICIOUS_MOVE = YES;
				CLANG_WARN_UNREACHABLE_CODE = YES;
				CLANG_WARN__DUPLICATE_METHOD_MATCH = YES;
				"CODE_SIGN_IDENTITY[sdk=iphoneos*]" = "iPhone Developer";
				COPY_PHASE_STRIP = NO;
				DEBUG_INFORMATION_FORMAT = dwarf;
				ENABLE_STRICT_OBJC_MSGSEND = YES;
				ENABLE_TESTABILITY = YES;
				GCC_C_LANGUAGE_STANDARD = gnu99;
				GCC_DYNAMIC_NO_PIC = NO;
				GCC_NO_COMMON_BLOCKS = YES;
				GCC_OPTIMIZATION_LEVEL = 0;
				GCC_PREPROCESSOR_DEFINITIONS = (
					"DEBUG=1",
					"$(inherited)",
				);
				GCC_WARN_64_TO_32_BIT_CONVERSION = YES;
				GCC_WARN_ABOUT_RETURN_TYPE = YES_ERROR;
				GCC_WARN_UNDECLARED_SELECTOR = YES;
				GCC_WARN_UNINITIALIZED_AUTOS = YES_AGGRESSIVE;
				GCC_WARN_UNUSED_FUNCTION = YES;
				GCC_WARN_UNUSED_VARIABLE = YES;
				IPHONEOS_DEPLOYMENT_TARGET = 10.2;
				MTL_ENABLE_DEBUG_INFO = YES;
				ONLY_ACTIVE_ARCH = YES;
				SDKROOT = iphoneos;
				SWIFT_ACTIVE_COMPILATION_CONDITIONS = DEBUG;
				SWIFT_OPTIMIZATION_LEVEL = "-Onone";
			};
			name = Debug;
		};
		FEF12FF41F5D50BA009D5194 /* Release */ = {
			isa = XCBuildConfiguration;
			buildSettings = {
				ALWAYS_SEARCH_USER_PATHS = NO;
				CLANG_ANALYZER_NONNULL = YES;
				CLANG_CXX_LANGUAGE_STANDARD = "gnu++0x";
				CLANG_CXX_LIBRARY = "libc++";
				CLANG_ENABLE_MODULES = YES;
				CLANG_ENABLE_OBJC_ARC = YES;
				CLANG_WARN_BOOL_CONVERSION = YES;
				CLANG_WARN_CONSTANT_CONVERSION = YES;
				CLANG_WARN_DIRECT_OBJC_ISA_USAGE = YES_ERROR;
				CLANG_WARN_DOCUMENTATION_COMMENTS = YES;
				CLANG_WARN_EMPTY_BODY = YES;
				CLANG_WARN_ENUM_CONVERSION = YES;
				CLANG_WARN_INFINITE_RECURSION = YES;
				CLANG_WARN_INT_CONVERSION = YES;
				CLANG_WARN_OBJC_ROOT_CLASS = YES_ERROR;
				CLANG_WARN_SUSPICIOUS_MOVE = YES;
				CLANG_WARN_UNREACHABLE_CODE = YES;
				CLANG_WARN__DUPLICATE_METHOD_MATCH = YES;
				"CODE_SIGN_IDENTITY[sdk=iphoneos*]" = "iPhone Developer";
				COPY_PHASE_STRIP = NO;
				DEBUG_INFORMATION_FORMAT = "dwarf-with-dsym";
				ENABLE_NS_ASSERTIONS = NO;
				ENABLE_STRICT_OBJC_MSGSEND = YES;
				GCC_C_LANGUAGE_STANDARD = gnu99;
				GCC_NO_COMMON_BLOCKS = YES;
				GCC_WARN_64_TO_32_BIT_CONVERSION = YES;
				GCC_WARN_ABOUT_RETURN_TYPE = YES_ERROR;
				GCC_WARN_UNDECLARED_SELECTOR = YES;
				GCC_WARN_UNINITIALIZED_AUTOS = YES_AGGRESSIVE;
				GCC_WARN_UNUSED_FUNCTION = YES;
				GCC_WARN_UNUSED_VARIABLE = YES;
				IPHONEOS_DEPLOYMENT_TARGET = 10.2;
				MTL_ENABLE_DEBUG_INFO = NO;
				SDKROOT = iphoneos;
				SWIFT_OPTIMIZATION_LEVEL = "-Owholemodule";
				VALIDATE_PRODUCT = YES;
			};
			name = Release;
		};
		FEF12FF61F5D50BA009D5194 /* Debug */ = {
			isa = XCBuildConfiguration;
			baseConfigurationReference = A289F8143789FFBEC51EF9E1 /* Pods-FunWave.debug.xcconfig */;
			buildSettings = {
				ASSETCATALOG_COMPILER_APPICON_NAME = AppIcon;
				DEVELOPMENT_TEAM = 7F5YZXGNJ3;
				INFOPLIST_FILE = FunWave/Info.plist;
				LD_RUNPATH_SEARCH_PATHS = "$(inherited) @executable_path/Frameworks";
				PRODUCT_BUNDLE_IDENTIFIER = WHC.FunWave;
				PRODUCT_NAME = "$(TARGET_NAME)";
				SWIFT_VERSION = 4.0;
			};
			name = Debug;
		};
		FEF12FF71F5D50BA009D5194 /* Release */ = {
			isa = XCBuildConfiguration;
			baseConfigurationReference = 34F566451FDB30E22BEBD7C2 /* Pods-FunWave.release.xcconfig */;
			buildSettings = {
				ASSETCATALOG_COMPILER_APPICON_NAME = AppIcon;
				DEVELOPMENT_TEAM = 7F5YZXGNJ3;
				INFOPLIST_FILE = FunWave/Info.plist;
				LD_RUNPATH_SEARCH_PATHS = "$(inherited) @executable_path/Frameworks";
				PRODUCT_BUNDLE_IDENTIFIER = WHC.FunWave;
				PRODUCT_NAME = "$(TARGET_NAME)";
				SWIFT_VERSION = 4.0;
			};
			name = Release;
		};
/* End XCBuildConfiguration section */

/* Begin XCConfigurationList section */
		FEF12FDE1F5D50BA009D5194 /* Build configuration list for PBXProject "FunWave" */ = {
			isa = XCConfigurationList;
			buildConfigurations = (
				FEF12FF31F5D50BA009D5194 /* Debug */,
				FEF12FF41F5D50BA009D5194 /* Release */,
			);
			defaultConfigurationIsVisible = 0;
			defaultConfigurationName = Release;
		};
		FEF12FF51F5D50BA009D5194 /* Build configuration list for PBXNativeTarget "FunWave" */ = {
			isa = XCConfigurationList;
			buildConfigurations = (
				FEF12FF61F5D50BA009D5194 /* Debug */,
				FEF12FF71F5D50BA009D5194 /* Release */,
			);
			defaultConfigurationIsVisible = 0;
			defaultConfigurationName = Release;
		};
/* End XCConfigurationList section */
	};
	rootObject = FEF12FDB1F5D50BA009D5194 /* Project object */;
}
